# This file is automatically @generated by Cargo.
# It is not intended for manual editing.
[[package]]
name = "parity-wasm"
version = "0.41.0"
source = "registry+https://github.com/rust-lang/crates.io-index"

[[package]]
name = "wasminspect-cli"
version = "0.1.0"
dependencies = [
 "wasminspect-core 0.1.0",
]

[[package]]
name = "wasminspect-core"
version = "0.1.0"
dependencies = [
 "parity-wasm 0.41.0 (registry+https://github.com/rust-lang/crates.io-index)",
]

[metadata]
"checksum parity-wasm 0.41.0 (registry+https://github.com/rust-lang/crates.io-index)" = "ddfc878dac00da22f8f61e7af3157988424567ab01d9920b962ef7dcbd7cd865"
